
Microsoft Visual Studio Solution File, Format Version 12.00
Project("{FAE04EC0-301F-11D3-BF4B-00C04F79EFBC}") = "MPP_lab3", "MPP_lab3\MPP_lab3.csproj", "{0CE0C2FE-DEEA-4D92-85CB-C73565781690}"
EndProject
Global
	GlobalSection(SolutionConfigurationPlatforms) = preSolution
		Debug|Any CPU = Debug|Any CPU
		Release|Any CPU = Release|Any CPU
	EndGlobalSection
	GlobalSection(ProjectConfigurationPlatforms) = postSolution
		{0CE0C2FE-DEEA-4D92-85CB-C73565781690}.Debug|Any CPU.ActiveCfg = Debug|Any CPU
		{0CE0C2FE-DEEA-4D92-85CB-C73565781690}.Debug|Any CPU.Build.0 = Debug|Any CPU
		{0CE0C2FE-DEEA-4D92-85CB-C73565781690}.Release|Any CPU.ActiveCfg = Release|Any CPU
		{0CE0C2FE-DEEA-4D92-85CB-C73565781690}.Release|Any CPU.Build.0 = Release|Any CPU
	EndGlobalSection
EndGlobal
