
Microsoft Visual Studio Solution File, Format Version 12.00
Project("{FAE04EC0-301F-11D3-BF4B-00C04F79EFBC}") = "spp-lab9", "spp-lab9\spp-lab9.csproj", "{DEADAEA1-3F1D-4D98-BA4B-4E9E99E0FAA4}"
EndProject
Global
	GlobalSection(SolutionConfigurationPlatforms) = preSolution
		Debug|Any CPU = Debug|Any CPU
		Release|Any CPU = Release|Any CPU
	EndGlobalSection
	GlobalSection(ProjectConfigurationPlatforms) = postSolution
		{DEADAEA1-3F1D-4D98-BA4B-4E9E99E0FAA4}.Debug|Any CPU.ActiveCfg = Debug|Any CPU
		{DEADAEA1-3F1D-4D98-BA4B-4E9E99E0FAA4}.Debug|Any CPU.Build.0 = Debug|Any CPU
		{DEADAEA1-3F1D-4D98-BA4B-4E9E99E0FAA4}.Release|Any CPU.ActiveCfg = Release|Any CPU
		{DEADAEA1-3F1D-4D98-BA4B-4E9E99E0FAA4}.Release|Any CPU.Build.0 = Release|Any CPU
	EndGlobalSection
EndGlobal
