
Microsoft Visual Studio Solution File, Format Version 12.00
Project("{FAE04EC0-301F-11D3-BF4B-00C04F79EFBC}") = "spp-lab5", "spp-lab5\spp-lab5.csproj", "{B0FDFC80-01DD-46AE-A325-1322F55F34F2}"
EndProject
Global
	GlobalSection(SolutionConfigurationPlatforms) = preSolution
		Debug|Any CPU = Debug|Any CPU
		Release|Any CPU = Release|Any CPU
	EndGlobalSection
	GlobalSection(ProjectConfigurationPlatforms) = postSolution
		{B0FDFC80-01DD-46AE-A325-1322F55F34F2}.Debug|Any CPU.ActiveCfg = Debug|Any CPU
		{B0FDFC80-01DD-46AE-A325-1322F55F34F2}.Debug|Any CPU.Build.0 = Debug|Any CPU
		{B0FDFC80-01DD-46AE-A325-1322F55F34F2}.Release|Any CPU.ActiveCfg = Release|Any CPU
		{B0FDFC80-01DD-46AE-A325-1322F55F34F2}.Release|Any CPU.Build.0 = Release|Any CPU
	EndGlobalSection
EndGlobal
